<?xml version="1.0" encoding="utf-8"?>
<Project ToolsVersion="16.0" xmlns="http://schemas.microsoft.com/developer/msbuild/2003">
  <ItemGroup>
    <ClCompile Include="C:\Project2-Maze\MazeVisibility-master\src\Cell.cpp">
      <Filter>Source Files</Filter>
    </ClCompile>
    <ClCompile Include="C:\Project2-Maze\MazeVisibility-master\src\Edge.cpp">
      <Filter>Source Files</Filter>
    </ClCompile>
    <ClCompile Include="C:\Project2-Maze\MazeVisibility-master\src\LineSeg.cpp">
      <Filter>Source Files</Filter>
    </ClCompile>
    <ClCompile Include="C:\Project2-Maze\MazeVisibility-master\src\Vertex.cpp">
      <Filter>Source Files</Filter>
    </ClCompile>
  </ItemGroup>
  <ItemGroup>
    <ClInclude Include="C:\Project2-Maze\MazeVisibility-master\src\Cell.h">
      <Filter>Header Files</Filter>
    </ClInclude>
    <ClInclude Include="C:\Project2-Maze\MazeVisibility-master\src\Edge.h">
      <Filter>Header Files</Filter>
    </ClInclude>
    <ClInclude Include="C:\Project2-Maze\MazeVisibility-master\src\LineSeg.h">
      <Filter>Header Files</Filter>
    </ClInclude>
    <ClInclude Include="C:\Project2-Maze\MazeVisibility-master\src\Point.h">
      <Filter>Header Files</Filter>
    </ClInclude>
    <ClInclude Include="C:\Project2-Maze\MazeVisibility-master\src\Vertex.h">
      <Filter>Header Files</Filter>
    </ClInclude>
  </ItemGroup>
  <ItemGroup>
    <CustomBuild Include="C:\Project2-Maze\MazeVisibility-master\CMakeLists.txt" />
  </ItemGroup>
  <ItemGroup>
    <Filter Include="Header Files">
      <UniqueIdentifier>{A941332D-625E-33F6-8806-B33C41A6F414}</UniqueIdentifier>
    </Filter>
    <Filter Include="Source Files">
      <UniqueIdentifier>{9074B085-5EC0-3ACF-9005-DE75A78489F6}</UniqueIdentifier>
    </Filter>
  </ItemGroup>
</Project>
